
Microsoft Visual Studio Solution File, Format Version 12.00
# Visual Studio Version 16
VisualStudioVersion = 16.0.30717.126
MinimumVisualStudioVersion = 10.0.40219.1
Project("{9A19103F-16F7-4668-BE54-9A1E7A4F7556}") = "DocumentScanner", "DocumentScanner\DocumentScanner.csproj", "{CED8931A-0ABA-4889-9CEA-959BFCDBB6F7}"
EndProject
Project("{FAE04EC0-301F-11D3-BF4B-00C04F79EFBC}") = "TransferServiceClient", "TransferServiceClient\TransferServiceClient.csproj", "{E7EE228C-54B2-4DA2-AE4C-7B0D3AE92A93}"
	ProjectSection(ProjectDependencies) = postProject
		{1115D9FD-F387-4E12-9A05-5D413203B40B} = {1115D9FD-F387-4E12-9A05-5D413203B40B}
	EndProjectSection
EndProject
Project("{9A19103F-16F7-4668-BE54-9A1E7A4F7556}") = "Ssepan.Conversion", "..\Ssepan.Conversion\Ssepan.Conversion.csproj", "{B5879E34-6A1D-4264-8DB3-04906A44B064}"
EndProject
Project("{9A19103F-16F7-4668-BE54-9A1E7A4F7556}") = "Ssepan.Application", "..\Ssepan.Application\Ssepan.Application.csproj", "{C69040CF-5ACD-4F55-8540-49FB7C2A7AA2}"
EndProject
Project("{9A19103F-16F7-4668-BE54-9A1E7A4F7556}") = "TransferServerBusiness", "TransferServerBusiness\TransferServerBusiness.csproj", "{F98761B0-94C5-42E6-AB3D-5277D1856CE5}"
EndProject
Project("{9A19103F-16F7-4668-BE54-9A1E7A4F7556}") = "Ssepan.Io", "..\Ssepan.Io\Ssepan.Io.csproj", "{9EFE2EC6-F48E-4E4E-927F-068B54210E09}"
EndProject
Project("{9A19103F-16F7-4668-BE54-9A1E7A4F7556}") = "TransferServiceServer", "TransferServiceServer\TransferServiceServer.csproj", "{B6B17947-5248-42CE-A960-948F1D1C17F6}"
EndProject
Project("{FAE04EC0-301F-11D3-BF4B-00C04F79EFBC}") = "TransferServiceWebHost", "TransferServiceWebHost\TransferServiceWebHost.csproj", "{1115D9FD-F387-4E12-9A05-5D413203B40B}"
EndProject
Project("{9A19103F-16F7-4668-BE54-9A1E7A4F7556}") = "Ssepan.Collections", "..\Ssepan.Collections\Ssepan.Collections.csproj", "{07E139E8-739C-41C7-A53A-6AF3288B7B83}"
EndProject
Project("{9A19103F-16F7-4668-BE54-9A1E7A4F7556}") = "Ssepan.Graphics", "..\Ssepan.Graphics\Ssepan.Graphics.csproj", "{65314B1F-7719-4E25-9D3E-55E893F80B1B}"
EndProject
Project("{9A19103F-16F7-4668-BE54-9A1E7A4F7556}") = "EventSourceRegistrationForm", "..\Ssepan.Utility\EventSourceRegistrationForm\EventSourceRegistrationForm.csproj", "{808ADBFE-AFC8-4073-84B1-19D7D89088E4}"
EndProject
Project("{9A19103F-16F7-4668-BE54-9A1E7A4F7556}") = "Ssepan.Transaction", "..\Ssepan.Transaction\Ssepan.Transaction.csproj", "{B3EEA538-82CF-445E-B55B-89ADDAF3A6E3}"
EndProject
Project("{9A19103F-16F7-4668-BE54-9A1E7A4F7556}") = "Ssepan.Compression", "..\Ssepan.Compression\Ssepan.Compression.csproj", "{5F92C0BD-E954-49C4-A3ED-B0703819211A}"
EndProject
Project("{FAE04EC0-301F-11D3-BF4B-00C04F79EFBC}") = "ICSharpCode.SharpZLib", "..\SharpZip\src\ICSharpCode.SharpZLib.csproj", "{0E7413FF-EB9E-4714-ACF2-BE3A6A7B2FFD}"
EndProject
Project("{54435603-DBB4-11D2-8724-00A0C9A8B90C}") = "DocumentScannerClientSetup", "DocumentScannerClientSetup\DocumentScannerClientSetup.vdproj", "{06456F5E-32EF-472F-9ED4-C46606AD746D}"
EndProject
Project("{54435603-DBB4-11D2-8724-00A0C9A8B90C}") = "DocumentScannerServiceSetup", "DocumentScannerServiceSetup\DocumentScannerServiceSetup.vdproj", "{ED5C7097-C58C-440E-90AB-C2076CC2B907}"
EndProject
Project("{9A19103F-16F7-4668-BE54-9A1E7A4F7556}") = "TwainLib", "..\TwainLib\TwainLib.csproj", "{908F1FE0-BDB6-47AD-85A2-7868B7EEE871}"
EndProject
Project("{9A19103F-16F7-4668-BE54-9A1E7A4F7556}") = "ScanTestForm", "ScanTestForm\ScanTestForm.csproj", "{719CDEFB-B650-432B-BE5B-B1555E4B476E}"
EndProject
Project("{9A19103F-16F7-4668-BE54-9A1E7A4F7556}") = "DocumentScannerLibrary", "DocumentScannerLibrary\DocumentScannerLibrary.csproj", "{83BDDE74-8E40-4751-B9EA-2DFEB03157D5}"
EndProject
Project("{9A19103F-16F7-4668-BE54-9A1E7A4F7556}") = "DocumentScannerCommon", "DocumentScannerCommon\DocumentScannerCommon.csproj", "{0322295B-89F7-484C-B89F-7B0C56BA0E23}"
EndProject
Project("{9A19103F-16F7-4668-BE54-9A1E7A4F7556}") = "DocumentScannerServerLibrary", "DocumentScannerServerLibrary\DocumentScannerServerLibrary.csproj", "{AF8182DE-5FEF-4594-8A75-24F4AC7D8590}"
EndProject
Project("{9A19103F-16F7-4668-BE54-9A1E7A4F7556}") = "DocumentScannerServerHostConsole", "DocumentScannerServerHostConsole\DocumentScannerServerHostConsole.csproj", "{B688CAB4-6BAF-4400-ABA5-5BA83710A808}"
EndProject
Project("{54435603-DBB4-11D2-8724-00A0C9A8B90C}") = "DocumentScannerServerSetup", "DocumentScannerServerSetup\DocumentScannerServerSetup.vdproj", "{3D6035BF-0CE5-4CD5-B322-8B48699B9411}"
EndProject
Project("{FAE04EC0-301F-11D3-BF4B-00C04F79EFBC}") = "ManifestServiceClient", "ManifestServiceClient\ManifestServiceClient.csproj", "{C3A24AA4-6FC2-4F0D-988A-91DA25B74FE1}"
	ProjectSection(ProjectDependencies) = postProject
		{1115D9FD-F387-4E12-9A05-5D413203B40B} = {1115D9FD-F387-4E12-9A05-5D413203B40B}
	EndProjectSection
EndProject
Project("{9A19103F-16F7-4668-BE54-9A1E7A4F7556}") = "ManifestServiceServer", "ManifestServiceServer\ManifestServiceServer.csproj", "{C6BAED82-BDBC-447B-948C-70A9FA92972A}"
EndProject
Project("{9A19103F-16F7-4668-BE54-9A1E7A4F7556}") = "DocumentScannerServiceCommon", "DocumentScannerServiceCommon\DocumentScannerServiceCommon.csproj", "{BA9DBD80-24BC-4622-A029-DF0CC9FBFD8C}"
EndProject
Project("{9A19103F-16F7-4668-BE54-9A1E7A4F7556}") = "Ssepan.Utility", "..\Ssepan.Utility\Ssepan.Utility\Ssepan.Utility.csproj", "{9C11D8DD-E335-4FE3-AAE6-5C3B17732890}"
EndProject
Project("{2150E333-8FDC-42A3-9474-1A3956D46DE8}") = "Solution Items", "Solution Items", "{1F4C4A85-9CFD-490E-ACC9-1B225892A717}"
	ProjectSection(SolutionItems) = preProject
		License.txt = License.txt
	EndProjectSection
EndProject
Project("{9A19103F-16F7-4668-BE54-9A1E7A4F7556}") = "TransferClientBusiness", "TransferClientBusiness\TransferClientBusiness.csproj", "{198B3D52-E173-426E-A983-0C29B7954044}"
EndProject
Global
	GlobalSection(SolutionConfigurationPlatforms) = preSolution
		Debug|Any CPU = Debug|Any CPU
		Debug|Mixed Platforms = Debug|Mixed Platforms
		Debug|x86 = Debug|x86
		Release|Any CPU = Release|Any CPU
		Release|Mixed Platforms = Release|Mixed Platforms
		Release|x86 = Release|x86
	EndGlobalSection
	GlobalSection(ProjectConfigurationPlatforms) = postSolution
		{CED8931A-0ABA-4889-9CEA-959BFCDBB6F7}.Debug|Any CPU.ActiveCfg = Debug|Any CPU
		{CED8931A-0ABA-4889-9CEA-959BFCDBB6F7}.Debug|Any CPU.Build.0 = Debug|Any CPU
		{CED8931A-0ABA-4889-9CEA-959BFCDBB6F7}.Debug|Mixed Platforms.ActiveCfg = Debug|Any CPU
		{CED8931A-0ABA-4889-9CEA-959BFCDBB6F7}.Debug|Mixed Platforms.Build.0 = Debug|Any CPU
		{CED8931A-0ABA-4889-9CEA-959BFCDBB6F7}.Debug|x86.ActiveCfg = Debug|Any CPU
		{CED8931A-0ABA-4889-9CEA-959BFCDBB6F7}.Release|Any CPU.ActiveCfg = Release|Any CPU
		{CED8931A-0ABA-4889-9CEA-959BFCDBB6F7}.Release|Any CPU.Build.0 = Release|Any CPU
		{CED8931A-0ABA-4889-9CEA-959BFCDBB6F7}.Release|Mixed Platforms.ActiveCfg = Release|Any CPU
		{CED8931A-0ABA-4889-9CEA-959BFCDBB6F7}.Release|Mixed Platforms.Build.0 = Release|Any CPU
		{CED8931A-0ABA-4889-9CEA-959BFCDBB6F7}.Release|x86.ActiveCfg = Release|Any CPU
		{E7EE228C-54B2-4DA2-AE4C-7B0D3AE92A93}.Debug|Any CPU.ActiveCfg = Debug|Any CPU
		{E7EE228C-54B2-4DA2-AE4C-7B0D3AE92A93}.Debug|Any CPU.Build.0 = Debug|Any CPU
		{E7EE228C-54B2-4DA2-AE4C-7B0D3AE92A93}.Debug|Mixed Platforms.ActiveCfg = Debug|Any CPU
		{E7EE228C-54B2-4DA2-AE4C-7B0D3AE92A93}.Debug|Mixed Platforms.Build.0 = Debug|Any CPU
		{E7EE228C-54B2-4DA2-AE4C-7B0D3AE92A93}.Debug|x86.ActiveCfg = Debug|Any CPU
		{E7EE228C-54B2-4DA2-AE4C-7B0D3AE92A93}.Release|Any CPU.ActiveCfg = Release|Any CPU
		{E7EE228C-54B2-4DA2-AE4C-7B0D3AE92A93}.Release|Any CPU.Build.0 = Release|Any CPU
		{E7EE228C-54B2-4DA2-AE4C-7B0D3AE92A93}.Release|Mixed Platforms.ActiveCfg = Release|Any CPU
		{E7EE228C-54B2-4DA2-AE4C-7B0D3AE92A93}.Release|Mixed Platforms.Build.0 = Release|Any CPU
		{E7EE228C-54B2-4DA2-AE4C-7B0D3AE92A93}.Release|x86.ActiveCfg = Release|Any CPU
		{B5879E34-6A1D-4264-8DB3-04906A44B064}.Debug|Any CPU.ActiveCfg = Debug|Any CPU
		{B5879E34-6A1D-4264-8DB3-04906A44B064}.Debug|Any CPU.Build.0 = Debug|Any CPU
		{B5879E34-6A1D-4264-8DB3-04906A44B064}.Debug|Mixed Platforms.ActiveCfg = Debug|Any CPU
		{B5879E34-6A1D-4264-8DB3-04906A44B064}.Debug|Mixed Platforms.Build.0 = Debug|Any CPU
		{B5879E34-6A1D-4264-8DB3-04906A44B064}.Debug|x86.ActiveCfg = Debug|Any CPU
		{B5879E34-6A1D-4264-8DB3-04906A44B064}.Release|Any CPU.ActiveCfg = Release|Any CPU
		{B5879E34-6A1D-4264-8DB3-04906A44B064}.Release|Any CPU.Build.0 = Release|Any CPU
		{B5879E34-6A1D-4264-8DB3-04906A44B064}.Release|Mixed Platforms.ActiveCfg = Release|Any CPU
		{B5879E34-6A1D-4264-8DB3-04906A44B064}.Release|Mixed Platforms.Build.0 = Release|Any CPU
		{B5879E34-6A1D-4264-8DB3-04906A44B064}.Release|x86.ActiveCfg = Release|Any CPU
		{C69040CF-5ACD-4F55-8540-49FB7C2A7AA2}.Debug|Any CPU.ActiveCfg = Debug|Any CPU
		{C69040CF-5ACD-4F55-8540-49FB7C2A7AA2}.Debug|Any CPU.Build.0 = Debug|Any CPU
		{C69040CF-5ACD-4F55-8540-49FB7C2A7AA2}.Debug|Mixed Platforms.ActiveCfg = Debug|Any CPU
		{C69040CF-5ACD-4F55-8540-49FB7C2A7AA2}.Debug|Mixed Platforms.Build.0 = Debug|Any CPU
		{C69040CF-5ACD-4F55-8540-49FB7C2A7AA2}.Debug|x86.ActiveCfg = Debug|Any CPU
		{C69040CF-5ACD-4F55-8540-49FB7C2A7AA2}.Release|Any CPU.ActiveCfg = Release|Any CPU
		{C69040CF-5ACD-4F55-8540-49FB7C2A7AA2}.Release|Any CPU.Build.0 = Release|Any CPU
		{C69040CF-5ACD-4F55-8540-49FB7C2A7AA2}.Release|Mixed Platforms.ActiveCfg = Release|Any CPU
		{C69040CF-5ACD-4F55-8540-49FB7C2A7AA2}.Release|Mixed Platforms.Build.0 = Release|Any CPU
		{C69040CF-5ACD-4F55-8540-49FB7C2A7AA2}.Release|x86.ActiveCfg = Release|Any CPU
		{F98761B0-94C5-42E6-AB3D-5277D1856CE5}.Debug|Any CPU.ActiveCfg = Debug|Any CPU
		{F98761B0-94C5-42E6-AB3D-5277D1856CE5}.Debug|Any CPU.Build.0 = Debug|Any CPU
		{F98761B0-94C5-42E6-AB3D-5277D1856CE5}.Debug|Mixed Platforms.ActiveCfg = Debug|Any CPU
		{F98761B0-94C5-42E6-AB3D-5277D1856CE5}.Debug|Mixed Platforms.Build.0 = Debug|Any CPU
		{F98761B0-94C5-42E6-AB3D-5277D1856CE5}.Debug|x86.ActiveCfg = Debug|Any CPU
		{F98761B0-94C5-42E6-AB3D-5277D1856CE5}.Release|Any CPU.ActiveCfg = Release|Any CPU
		{F98761B0-94C5-42E6-AB3D-5277D1856CE5}.Release|Any CPU.Build.0 = Release|Any CPU
		{F98761B0-94C5-42E6-AB3D-5277D1856CE5}.Release|Mixed Platforms.ActiveCfg = Release|Any CPU
		{F98761B0-94C5-42E6-AB3D-5277D1856CE5}.Release|Mixed Platforms.Build.0 = Release|Any CPU
		{F98761B0-94C5-42E6-AB3D-5277D1856CE5}.Release|x86.ActiveCfg = Release|Any CPU
		{9EFE2EC6-F48E-4E4E-927F-068B54210E09}.Debug|Any CPU.ActiveCfg = Debug|Any CPU
		{9EFE2EC6-F48E-4E4E-927F-068B54210E09}.Debug|Any CPU.Build.0 = Debug|Any CPU
		{9EFE2EC6-F48E-4E4E-927F-068B54210E09}.Debug|Mixed Platforms.ActiveCfg = Debug|Any CPU
		{9EFE2EC6-F48E-4E4E-927F-068B54210E09}.Debug|Mixed Platforms.Build.0 = Debug|Any CPU
		{9EFE2EC6-F48E-4E4E-927F-068B54210E09}.Debug|x86.ActiveCfg = Debug|Any CPU
		{9EFE2EC6-F48E-4E4E-927F-068B54210E09}.Release|Any CPU.ActiveCfg = Release|Any CPU
		{9EFE2EC6-F48E-4E4E-927F-068B54210E09}.Release|Any CPU.Build.0 = Release|Any CPU
		{9EFE2EC6-F48E-4E4E-927F-068B54210E09}.Release|Mixed Platforms.ActiveCfg = Release|Any CPU
		{9EFE2EC6-F48E-4E4E-927F-068B54210E09}.Release|Mixed Platforms.Build.0 = Release|Any CPU
		{9EFE2EC6-F48E-4E4E-927F-068B54210E09}.Release|x86.ActiveCfg = Release|Any CPU
		{B6B17947-5248-42CE-A960-948F1D1C17F6}.Debug|Any CPU.ActiveCfg = Debug|Any CPU
		{B6B17947-5248-42CE-A960-948F1D1C17F6}.Debug|Any CPU.Build.0 = Debug|Any CPU
		{B6B17947-5248-42CE-A960-948F1D1C17F6}.Debug|Mixed Platforms.ActiveCfg = Debug|Any CPU
		{B6B17947-5248-42CE-A960-948F1D1C17F6}.Debug|Mixed Platforms.Build.0 = Debug|Any CPU
		{B6B17947-5248-42CE-A960-948F1D1C17F6}.Debug|x86.ActiveCfg = Debug|Any CPU
		{B6B17947-5248-42CE-A960-948F1D1C17F6}.Release|Any CPU.ActiveCfg = Release|Any CPU
		{B6B17947-5248-42CE-A960-948F1D1C17F6}.Release|Any CPU.Build.0 = Release|Any CPU
		{B6B17947-5248-42CE-A960-948F1D1C17F6}.Release|Mixed Platforms.ActiveCfg = Release|Any CPU
		{B6B17947-5248-42CE-A960-948F1D1C17F6}.Release|Mixed Platforms.Build.0 = Release|Any CPU
		{B6B17947-5248-42CE-A960-948F1D1C17F6}.Release|x86.ActiveCfg = Release|Any CPU
		{1115D9FD-F387-4E12-9A05-5D413203B40B}.Debug|Any CPU.ActiveCfg = Debug|Any CPU
		{1115D9FD-F387-4E12-9A05-5D413203B40B}.Debug|Any CPU.Build.0 = Debug|Any CPU
		{1115D9FD-F387-4E12-9A05-5D413203B40B}.Debug|Mixed Platforms.ActiveCfg = Debug|Any CPU
		{1115D9FD-F387-4E12-9A05-5D413203B40B}.Debug|Mixed Platforms.Build.0 = Debug|Any CPU
		{1115D9FD-F387-4E12-9A05-5D413203B40B}.Debug|x86.ActiveCfg = Debug|Any CPU
		{1115D9FD-F387-4E12-9A05-5D413203B40B}.Release|Any CPU.ActiveCfg = Release|Any CPU
		{1115D9FD-F387-4E12-9A05-5D413203B40B}.Release|Any CPU.Build.0 = Release|Any CPU
		{1115D9FD-F387-4E12-9A05-5D413203B40B}.Release|Mixed Platforms.ActiveCfg = Release|Any CPU
		{1115D9FD-F387-4E12-9A05-5D413203B40B}.Release|Mixed Platforms.Build.0 = Release|Any CPU
		{1115D9FD-F387-4E12-9A05-5D413203B40B}.Release|x86.ActiveCfg = Release|Any CPU
		{07E139E8-739C-41C7-A53A-6AF3288B7B83}.Debug|Any CPU.ActiveCfg = Debug|Any CPU
		{07E139E8-739C-41C7-A53A-6AF3288B7B83}.Debug|Any CPU.Build.0 = Debug|Any CPU
		{07E139E8-739C-41C7-A53A-6AF3288B7B83}.Debug|Mixed Platforms.ActiveCfg = Debug|Any CPU
		{07E139E8-739C-41C7-A53A-6AF3288B7B83}.Debug|Mixed Platforms.Build.0 = Debug|Any CPU
		{07E139E8-739C-41C7-A53A-6AF3288B7B83}.Debug|x86.ActiveCfg = Debug|Any CPU
		{07E139E8-739C-41C7-A53A-6AF3288B7B83}.Release|Any CPU.ActiveCfg = Release|Any CPU
		{07E139E8-739C-41C7-A53A-6AF3288B7B83}.Release|Any CPU.Build.0 = Release|Any CPU
		{07E139E8-739C-41C7-A53A-6AF3288B7B83}.Release|Mixed Platforms.ActiveCfg = Release|Any CPU
		{07E139E8-739C-41C7-A53A-6AF3288B7B83}.Release|Mixed Platforms.Build.0 = Release|Any CPU
		{07E139E8-739C-41C7-A53A-6AF3288B7B83}.Release|x86.ActiveCfg = Release|Any CPU
		{65314B1F-7719-4E25-9D3E-55E893F80B1B}.Debug|Any CPU.ActiveCfg = Debug|Any CPU
		{65314B1F-7719-4E25-9D3E-55E893F80B1B}.Debug|Any CPU.Build.0 = Debug|Any CPU
		{65314B1F-7719-4E25-9D3E-55E893F80B1B}.Debug|Mixed Platforms.ActiveCfg = Debug|Any CPU
		{65314B1F-7719-4E25-9D3E-55E893F80B1B}.Debug|Mixed Platforms.Build.0 = Debug|Any CPU
		{65314B1F-7719-4E25-9D3E-55E893F80B1B}.Debug|x86.ActiveCfg = Debug|Any CPU
		{65314B1F-7719-4E25-9D3E-55E893F80B1B}.Release|Any CPU.ActiveCfg = Release|Any CPU
		{65314B1F-7719-4E25-9D3E-55E893F80B1B}.Release|Any CPU.Build.0 = Release|Any CPU
		{65314B1F-7719-4E25-9D3E-55E893F80B1B}.Release|Mixed Platforms.ActiveCfg = Release|Any CPU
		{65314B1F-7719-4E25-9D3E-55E893F80B1B}.Release|Mixed Platforms.Build.0 = Release|Any CPU
		{65314B1F-7719-4E25-9D3E-55E893F80B1B}.Release|x86.ActiveCfg = Release|Any CPU
		{808ADBFE-AFC8-4073-84B1-19D7D89088E4}.Debug|Any CPU.ActiveCfg = Debug|Any CPU
		{808ADBFE-AFC8-4073-84B1-19D7D89088E4}.Debug|Any CPU.Build.0 = Debug|Any CPU
		{808ADBFE-AFC8-4073-84B1-19D7D89088E4}.Debug|Mixed Platforms.ActiveCfg = Debug|Any CPU
		{808ADBFE-AFC8-4073-84B1-19D7D89088E4}.Debug|Mixed Platforms.Build.0 = Debug|Any CPU
		{808ADBFE-AFC8-4073-84B1-19D7D89088E4}.Debug|x86.ActiveCfg = Debug|Any CPU
		{808ADBFE-AFC8-4073-84B1-19D7D89088E4}.Release|Any CPU.ActiveCfg = Release|Any CPU
		{808ADBFE-AFC8-4073-84B1-19D7D89088E4}.Release|Any CPU.Build.0 = Release|Any CPU
		{808ADBFE-AFC8-4073-84B1-19D7D89088E4}.Release|Mixed Platforms.ActiveCfg = Release|Any CPU
		{808ADBFE-AFC8-4073-84B1-19D7D89088E4}.Release|Mixed Platforms.Build.0 = Release|Any CPU
		{808ADBFE-AFC8-4073-84B1-19D7D89088E4}.Release|x86.ActiveCfg = Release|Any CPU
		{B3EEA538-82CF-445E-B55B-89ADDAF3A6E3}.Debug|Any CPU.ActiveCfg = Debug|Any CPU
		{B3EEA538-82CF-445E-B55B-89ADDAF3A6E3}.Debug|Any CPU.Build.0 = Debug|Any CPU
		{B3EEA538-82CF-445E-B55B-89ADDAF3A6E3}.Debug|Mixed Platforms.ActiveCfg = Debug|Any CPU
		{B3EEA538-82CF-445E-B55B-89ADDAF3A6E3}.Debug|Mixed Platforms.Build.0 = Debug|Any CPU
		{B3EEA538-82CF-445E-B55B-89ADDAF3A6E3}.Debug|x86.ActiveCfg = Debug|Any CPU
		{B3EEA538-82CF-445E-B55B-89ADDAF3A6E3}.Release|Any CPU.ActiveCfg = Release|Any CPU
		{B3EEA538-82CF-445E-B55B-89ADDAF3A6E3}.Release|Any CPU.Build.0 = Release|Any CPU
		{B3EEA538-82CF-445E-B55B-89ADDAF3A6E3}.Release|Mixed Platforms.ActiveCfg = Release|Any CPU
		{B3EEA538-82CF-445E-B55B-89ADDAF3A6E3}.Release|Mixed Platforms.Build.0 = Release|Any CPU
		{B3EEA538-82CF-445E-B55B-89ADDAF3A6E3}.Release|x86.ActiveCfg = Release|Any CPU
		{5F92C0BD-E954-49C4-A3ED-B0703819211A}.Debug|Any CPU.ActiveCfg = Debug|Any CPU
		{5F92C0BD-E954-49C4-A3ED-B0703819211A}.Debug|Any CPU.Build.0 = Debug|Any CPU
		{5F92C0BD-E954-49C4-A3ED-B0703819211A}.Debug|Mixed Platforms.ActiveCfg = Debug|Any CPU
		{5F92C0BD-E954-49C4-A3ED-B0703819211A}.Debug|Mixed Platforms.Build.0 = Debug|Any CPU
		{5F92C0BD-E954-49C4-A3ED-B0703819211A}.Debug|x86.ActiveCfg = Debug|Any CPU
		{5F92C0BD-E954-49C4-A3ED-B0703819211A}.Release|Any CPU.ActiveCfg = Release|Any CPU
		{5F92C0BD-E954-49C4-A3ED-B0703819211A}.Release|Any CPU.Build.0 = Release|Any CPU
		{5F92C0BD-E954-49C4-A3ED-B0703819211A}.Release|Mixed Platforms.ActiveCfg = Release|Any CPU
		{5F92C0BD-E954-49C4-A3ED-B0703819211A}.Release|Mixed Platforms.Build.0 = Release|Any CPU
		{5F92C0BD-E954-49C4-A3ED-B0703819211A}.Release|x86.ActiveCfg = Release|Any CPU
		{0E7413FF-EB9E-4714-ACF2-BE3A6A7B2FFD}.Debug|Any CPU.ActiveCfg = Debug|Any CPU
		{0E7413FF-EB9E-4714-ACF2-BE3A6A7B2FFD}.Debug|Any CPU.Build.0 = Debug|Any CPU
		{0E7413FF-EB9E-4714-ACF2-BE3A6A7B2FFD}.Debug|Mixed Platforms.ActiveCfg = Debug|Any CPU
		{0E7413FF-EB9E-4714-ACF2-BE3A6A7B2FFD}.Debug|Mixed Platforms.Build.0 = Debug|Any CPU
		{0E7413FF-EB9E-4714-ACF2-BE3A6A7B2FFD}.Debug|x86.ActiveCfg = Debug|Any CPU
		{0E7413FF-EB9E-4714-ACF2-BE3A6A7B2FFD}.Release|Any CPU.ActiveCfg = Release|Any CPU
		{0E7413FF-EB9E-4714-ACF2-BE3A6A7B2FFD}.Release|Any CPU.Build.0 = Release|Any CPU
		{0E7413FF-EB9E-4714-ACF2-BE3A6A7B2FFD}.Release|Mixed Platforms.ActiveCfg = Release|Any CPU
		{0E7413FF-EB9E-4714-ACF2-BE3A6A7B2FFD}.Release|Mixed Platforms.Build.0 = Release|Any CPU
		{0E7413FF-EB9E-4714-ACF2-BE3A6A7B2FFD}.Release|x86.ActiveCfg = Release|Any CPU
		{06456F5E-32EF-472F-9ED4-C46606AD746D}.Debug|Any CPU.ActiveCfg = Debug
		{06456F5E-32EF-472F-9ED4-C46606AD746D}.Debug|Any CPU.Build.0 = Debug
		{06456F5E-32EF-472F-9ED4-C46606AD746D}.Debug|Mixed Platforms.ActiveCfg = Debug
		{06456F5E-32EF-472F-9ED4-C46606AD746D}.Debug|Mixed Platforms.Build.0 = Debug
		{06456F5E-32EF-472F-9ED4-C46606AD746D}.Debug|x86.ActiveCfg = Debug
		{06456F5E-32EF-472F-9ED4-C46606AD746D}.Debug|x86.Build.0 = Debug
		{06456F5E-32EF-472F-9ED4-C46606AD746D}.Release|Any CPU.ActiveCfg = Release
		{06456F5E-32EF-472F-9ED4-C46606AD746D}.Release|Any CPU.Build.0 = Release
		{06456F5E-32EF-472F-9ED4-C46606AD746D}.Release|Mixed Platforms.ActiveCfg = Release
		{06456F5E-32EF-472F-9ED4-C46606AD746D}.Release|Mixed Platforms.Build.0 = Release
		{06456F5E-32EF-472F-9ED4-C46606AD746D}.Release|x86.ActiveCfg = Release
		{06456F5E-32EF-472F-9ED4-C46606AD746D}.Release|x86.Build.0 = Release
		{ED5C7097-C58C-440E-90AB-C2076CC2B907}.Debug|Any CPU.ActiveCfg = Debug
		{ED5C7097-C58C-440E-90AB-C2076CC2B907}.Debug|Any CPU.Build.0 = Debug
		{ED5C7097-C58C-440E-90AB-C2076CC2B907}.Debug|Mixed Platforms.ActiveCfg = Debug
		{ED5C7097-C58C-440E-90AB-C2076CC2B907}.Debug|Mixed Platforms.Build.0 = Debug
		{ED5C7097-C58C-440E-90AB-C2076CC2B907}.Debug|x86.ActiveCfg = Debug
		{ED5C7097-C58C-440E-90AB-C2076CC2B907}.Debug|x86.Build.0 = Debug
		{ED5C7097-C58C-440E-90AB-C2076CC2B907}.Release|Any CPU.ActiveCfg = Release
		{ED5C7097-C58C-440E-90AB-C2076CC2B907}.Release|Any CPU.Build.0 = Release
		{ED5C7097-C58C-440E-90AB-C2076CC2B907}.Release|Mixed Platforms.ActiveCfg = Release
		{ED5C7097-C58C-440E-90AB-C2076CC2B907}.Release|Mixed Platforms.Build.0 = Release
		{ED5C7097-C58C-440E-90AB-C2076CC2B907}.Release|x86.ActiveCfg = Release
		{ED5C7097-C58C-440E-90AB-C2076CC2B907}.Release|x86.Build.0 = Release
		{908F1FE0-BDB6-47AD-85A2-7868B7EEE871}.Debug|Any CPU.ActiveCfg = Debug|Any CPU
		{908F1FE0-BDB6-47AD-85A2-7868B7EEE871}.Debug|Any CPU.Build.0 = Debug|Any CPU
		{908F1FE0-BDB6-47AD-85A2-7868B7EEE871}.Debug|Mixed Platforms.ActiveCfg = Debug|Any CPU
		{908F1FE0-BDB6-47AD-85A2-7868B7EEE871}.Debug|Mixed Platforms.Build.0 = Debug|Any CPU
		{908F1FE0-BDB6-47AD-85A2-7868B7EEE871}.Debug|x86.ActiveCfg = Debug|Any CPU
		{908F1FE0-BDB6-47AD-85A2-7868B7EEE871}.Release|Any CPU.ActiveCfg = Release|Any CPU
		{908F1FE0-BDB6-47AD-85A2-7868B7EEE871}.Release|Any CPU.Build.0 = Release|Any CPU
		{908F1FE0-BDB6-47AD-85A2-7868B7EEE871}.Release|Mixed Platforms.ActiveCfg = Release|Any CPU
		{908F1FE0-BDB6-47AD-85A2-7868B7EEE871}.Release|Mixed Platforms.Build.0 = Release|Any CPU
		{908F1FE0-BDB6-47AD-85A2-7868B7EEE871}.Release|x86.ActiveCfg = Release|Any CPU
		{719CDEFB-B650-432B-BE5B-B1555E4B476E}.Debug|Any CPU.ActiveCfg = Debug|x86
		{719CDEFB-B650-432B-BE5B-B1555E4B476E}.Debug|Mixed Platforms.ActiveCfg = Debug|Any CPU
		{719CDEFB-B650-432B-BE5B-B1555E4B476E}.Debug|Mixed Platforms.Build.0 = Debug|Any CPU
		{719CDEFB-B650-432B-BE5B-B1555E4B476E}.Debug|x86.ActiveCfg = Debug|x86
		{719CDEFB-B650-432B-BE5B-B1555E4B476E}.Debug|x86.Build.0 = Debug|x86
		{719CDEFB-B650-432B-BE5B-B1555E4B476E}.Release|Any CPU.ActiveCfg = Release|x86
		{719CDEFB-B650-432B-BE5B-B1555E4B476E}.Release|Mixed Platforms.ActiveCfg = Release|x86
		{719CDEFB-B650-432B-BE5B-B1555E4B476E}.Release|Mixed Platforms.Build.0 = Release|x86
		{719CDEFB-B650-432B-BE5B-B1555E4B476E}.Release|x86.ActiveCfg = Release|x86
		{719CDEFB-B650-432B-BE5B-B1555E4B476E}.Release|x86.Build.0 = Release|x86
		{83BDDE74-8E40-4751-B9EA-2DFEB03157D5}.Debug|Any CPU.ActiveCfg = Debug|Any CPU
		{83BDDE74-8E40-4751-B9EA-2DFEB03157D5}.Debug|Any CPU.Build.0 = Debug|Any CPU
		{83BDDE74-8E40-4751-B9EA-2DFEB03157D5}.Debug|Mixed Platforms.ActiveCfg = Debug|Any CPU
		{83BDDE74-8E40-4751-B9EA-2DFEB03157D5}.Debug|Mixed Platforms.Build.0 = Debug|Any CPU
		{83BDDE74-8E40-4751-B9EA-2DFEB03157D5}.Debug|x86.ActiveCfg = Debug|Any CPU
		{83BDDE74-8E40-4751-B9EA-2DFEB03157D5}.Release|Any CPU.ActiveCfg = Release|Any CPU
		{83BDDE74-8E40-4751-B9EA-2DFEB03157D5}.Release|Any CPU.Build.0 = Release|Any CPU
		{83BDDE74-8E40-4751-B9EA-2DFEB03157D5}.Release|Mixed Platforms.ActiveCfg = Release|Any CPU
		{83BDDE74-8E40-4751-B9EA-2DFEB03157D5}.Release|Mixed Platforms.Build.0 = Release|Any CPU
		{83BDDE74-8E40-4751-B9EA-2DFEB03157D5}.Release|x86.ActiveCfg = Release|Any CPU
		{0322295B-89F7-484C-B89F-7B0C56BA0E23}.Debug|Any CPU.ActiveCfg = Debug|Any CPU
		{0322295B-89F7-484C-B89F-7B0C56BA0E23}.Debug|Any CPU.Build.0 = Debug|Any CPU
		{0322295B-89F7-484C-B89F-7B0C56BA0E23}.Debug|Mixed Platforms.ActiveCfg = Debug|Any CPU
		{0322295B-89F7-484C-B89F-7B0C56BA0E23}.Debug|Mixed Platforms.Build.0 = Debug|Any CPU
		{0322295B-89F7-484C-B89F-7B0C56BA0E23}.Debug|x86.ActiveCfg = Debug|Any CPU
		{0322295B-89F7-484C-B89F-7B0C56BA0E23}.Release|Any CPU.ActiveCfg = Release|Any CPU
		{0322295B-89F7-484C-B89F-7B0C56BA0E23}.Release|Any CPU.Build.0 = Release|Any CPU
		{0322295B-89F7-484C-B89F-7B0C56BA0E23}.Release|Mixed Platforms.ActiveCfg = Release|Any CPU
		{0322295B-89F7-484C-B89F-7B0C56BA0E23}.Release|Mixed Platforms.Build.0 = Release|Any CPU
		{0322295B-89F7-484C-B89F-7B0C56BA0E23}.Release|x86.ActiveCfg = Release|Any CPU
		{AF8182DE-5FEF-4594-8A75-24F4AC7D8590}.Debug|Any CPU.ActiveCfg = Debug|Any CPU
		{AF8182DE-5FEF-4594-8A75-24F4AC7D8590}.Debug|Any CPU.Build.0 = Debug|Any CPU
		{AF8182DE-5FEF-4594-8A75-24F4AC7D8590}.Debug|Mixed Platforms.ActiveCfg = Debug|Any CPU
		{AF8182DE-5FEF-4594-8A75-24F4AC7D8590}.Debug|Mixed Platforms.Build.0 = Debug|Any CPU
		{AF8182DE-5FEF-4594-8A75-24F4AC7D8590}.Debug|x86.ActiveCfg = Debug|Any CPU
		{AF8182DE-5FEF-4594-8A75-24F4AC7D8590}.Release|Any CPU.ActiveCfg = Release|Any CPU
		{AF8182DE-5FEF-4594-8A75-24F4AC7D8590}.Release|Any CPU.Build.0 = Release|Any CPU
		{AF8182DE-5FEF-4594-8A75-24F4AC7D8590}.Release|Mixed Platforms.ActiveCfg = Release|Any CPU
		{AF8182DE-5FEF-4594-8A75-24F4AC7D8590}.Release|Mixed Platforms.Build.0 = Release|Any CPU
		{AF8182DE-5FEF-4594-8A75-24F4AC7D8590}.Release|x86.ActiveCfg = Release|Any CPU
		{B688CAB4-6BAF-4400-ABA5-5BA83710A808}.Debug|Any CPU.ActiveCfg = Debug|x86
		{B688CAB4-6BAF-4400-ABA5-5BA83710A808}.Debug|Mixed Platforms.ActiveCfg = Debug|Any CPU
		{B688CAB4-6BAF-4400-ABA5-5BA83710A808}.Debug|Mixed Platforms.Build.0 = Debug|Any CPU
		{B688CAB4-6BAF-4400-ABA5-5BA83710A808}.Debug|x86.ActiveCfg = Debug|x86
		{B688CAB4-6BAF-4400-ABA5-5BA83710A808}.Debug|x86.Build.0 = Debug|x86
		{B688CAB4-6BAF-4400-ABA5-5BA83710A808}.Release|Any CPU.ActiveCfg = Release|x86
		{B688CAB4-6BAF-4400-ABA5-5BA83710A808}.Release|Mixed Platforms.ActiveCfg = Release|x86
		{B688CAB4-6BAF-4400-ABA5-5BA83710A808}.Release|Mixed Platforms.Build.0 = Release|x86
		{B688CAB4-6BAF-4400-ABA5-5BA83710A808}.Release|x86.ActiveCfg = Release|x86
		{B688CAB4-6BAF-4400-ABA5-5BA83710A808}.Release|x86.Build.0 = Release|x86
		{3D6035BF-0CE5-4CD5-B322-8B48699B9411}.Debug|Any CPU.ActiveCfg = Debug
		{3D6035BF-0CE5-4CD5-B322-8B48699B9411}.Debug|Mixed Platforms.ActiveCfg = Debug
		{3D6035BF-0CE5-4CD5-B322-8B48699B9411}.Debug|x86.ActiveCfg = Debug
		{3D6035BF-0CE5-4CD5-B322-8B48699B9411}.Release|Any CPU.ActiveCfg = Release
		{3D6035BF-0CE5-4CD5-B322-8B48699B9411}.Release|Mixed Platforms.ActiveCfg = Release
		{3D6035BF-0CE5-4CD5-B322-8B48699B9411}.Release|x86.ActiveCfg = Release
		{C3A24AA4-6FC2-4F0D-988A-91DA25B74FE1}.Debug|Any CPU.ActiveCfg = Debug|Any CPU
		{C3A24AA4-6FC2-4F0D-988A-91DA25B74FE1}.Debug|Any CPU.Build.0 = Debug|Any CPU
		{C3A24AA4-6FC2-4F0D-988A-91DA25B74FE1}.Debug|Mixed Platforms.ActiveCfg = Debug|Any CPU
		{C3A24AA4-6FC2-4F0D-988A-91DA25B74FE1}.Debug|Mixed Platforms.Build.0 = Debug|Any CPU
		{C3A24AA4-6FC2-4F0D-988A-91DA25B74FE1}.Debug|x86.ActiveCfg = Debug|Any CPU
		{C3A24AA4-6FC2-4F0D-988A-91DA25B74FE1}.Release|Any CPU.ActiveCfg = Release|Any CPU
		{C3A24AA4-6FC2-4F0D-988A-91DA25B74FE1}.Release|Any CPU.Build.0 = Release|Any CPU
		{C3A24AA4-6FC2-4F0D-988A-91DA25B74FE1}.Release|Mixed Platforms.ActiveCfg = Release|Any CPU
		{C3A24AA4-6FC2-4F0D-988A-91DA25B74FE1}.Release|Mixed Platforms.Build.0 = Release|Any CPU
		{C3A24AA4-6FC2-4F0D-988A-91DA25B74FE1}.Release|x86.ActiveCfg = Release|Any CPU
		{C6BAED82-BDBC-447B-948C-70A9FA92972A}.Debug|Any CPU.ActiveCfg = Debug|Any CPU
		{C6BAED82-BDBC-447B-948C-70A9FA92972A}.Debug|Any CPU.Build.0 = Debug|Any CPU
		{C6BAED82-BDBC-447B-948C-70A9FA92972A}.Debug|Mixed Platforms.ActiveCfg = Debug|Any CPU
		{C6BAED82-BDBC-447B-948C-70A9FA92972A}.Debug|Mixed Platforms.Build.0 = Debug|Any CPU
		{C6BAED82-BDBC-447B-948C-70A9FA92972A}.Debug|x86.ActiveCfg = Debug|Any CPU
		{C6BAED82-BDBC-447B-948C-70A9FA92972A}.Release|Any CPU.ActiveCfg = Release|Any CPU
		{C6BAED82-BDBC-447B-948C-70A9FA92972A}.Release|Any CPU.Build.0 = Release|Any CPU
		{C6BAED82-BDBC-447B-948C-70A9FA92972A}.Release|Mixed Platforms.ActiveCfg = Release|Any CPU
		{C6BAED82-BDBC-447B-948C-70A9FA92972A}.Release|Mixed Platforms.Build.0 = Release|Any CPU
		{C6BAED82-BDBC-447B-948C-70A9FA92972A}.Release|x86.ActiveCfg = Release|Any CPU
		{BA9DBD80-24BC-4622-A029-DF0CC9FBFD8C}.Debug|Any CPU.ActiveCfg = Debug|Any CPU
		{BA9DBD80-24BC-4622-A029-DF0CC9FBFD8C}.Debug|Any CPU.Build.0 = Debug|Any CPU
		{BA9DBD80-24BC-4622-A029-DF0CC9FBFD8C}.Debug|Mixed Platforms.ActiveCfg = Debug|Any CPU
		{BA9DBD80-24BC-4622-A029-DF0CC9FBFD8C}.Debug|Mixed Platforms.Build.0 = Debug|Any CPU
		{BA9DBD80-24BC-4622-A029-DF0CC9FBFD8C}.Debug|x86.ActiveCfg = Debug|Any CPU
		{BA9DBD80-24BC-4622-A029-DF0CC9FBFD8C}.Debug|x86.Build.0 = Debug|Any CPU
		{BA9DBD80-24BC-4622-A029-DF0CC9FBFD8C}.Release|Any CPU.ActiveCfg = Release|Any CPU
		{BA9DBD80-24BC-4622-A029-DF0CC9FBFD8C}.Release|Any CPU.Build.0 = Release|Any CPU
		{BA9DBD80-24BC-4622-A029-DF0CC9FBFD8C}.Release|Mixed Platforms.ActiveCfg = Release|Any CPU
		{BA9DBD80-24BC-4622-A029-DF0CC9FBFD8C}.Release|Mixed Platforms.Build.0 = Release|Any CPU
		{BA9DBD80-24BC-4622-A029-DF0CC9FBFD8C}.Release|x86.ActiveCfg = Release|Any CPU
		{BA9DBD80-24BC-4622-A029-DF0CC9FBFD8C}.Release|x86.Build.0 = Release|Any CPU
		{9C11D8DD-E335-4FE3-AAE6-5C3B17732890}.Debug|Any CPU.ActiveCfg = Debug|Any CPU
		{9C11D8DD-E335-4FE3-AAE6-5C3B17732890}.Debug|Any CPU.Build.0 = Debug|Any CPU
		{9C11D8DD-E335-4FE3-AAE6-5C3B17732890}.Debug|Mixed Platforms.ActiveCfg = Debug|Any CPU
		{9C11D8DD-E335-4FE3-AAE6-5C3B17732890}.Debug|Mixed Platforms.Build.0 = Debug|Any CPU
		{9C11D8DD-E335-4FE3-AAE6-5C3B17732890}.Debug|x86.ActiveCfg = Debug|Any CPU
		{9C11D8DD-E335-4FE3-AAE6-5C3B17732890}.Debug|x86.Build.0 = Debug|Any CPU
		{9C11D8DD-E335-4FE3-AAE6-5C3B17732890}.Release|Any CPU.ActiveCfg = Release|Any CPU
		{9C11D8DD-E335-4FE3-AAE6-5C3B17732890}.Release|Any CPU.Build.0 = Release|Any CPU
		{9C11D8DD-E335-4FE3-AAE6-5C3B17732890}.Release|Mixed Platforms.ActiveCfg = Release|Any CPU
		{9C11D8DD-E335-4FE3-AAE6-5C3B17732890}.Release|Mixed Platforms.Build.0 = Release|Any CPU
		{9C11D8DD-E335-4FE3-AAE6-5C3B17732890}.Release|x86.ActiveCfg = Release|Any CPU
		{9C11D8DD-E335-4FE3-AAE6-5C3B17732890}.Release|x86.Build.0 = Release|Any CPU
		{198B3D52-E173-426E-A983-0C29B7954044}.Debug|Any CPU.ActiveCfg = Debug|Any CPU
		{198B3D52-E173-426E-A983-0C29B7954044}.Debug|Any CPU.Build.0 = Debug|Any CPU
		{198B3D52-E173-426E-A983-0C29B7954044}.Debug|Mixed Platforms.ActiveCfg = Debug|Any CPU
		{198B3D52-E173-426E-A983-0C29B7954044}.Debug|Mixed Platforms.Build.0 = Debug|Any CPU
		{198B3D52-E173-426E-A983-0C29B7954044}.Debug|x86.ActiveCfg = Debug|Any CPU
		{198B3D52-E173-426E-A983-0C29B7954044}.Debug|x86.Build.0 = Debug|Any CPU
		{198B3D52-E173-426E-A983-0C29B7954044}.Release|Any CPU.ActiveCfg = Release|Any CPU
		{198B3D52-E173-426E-A983-0C29B7954044}.Release|Any CPU.Build.0 = Release|Any CPU
		{198B3D52-E173-426E-A983-0C29B7954044}.Release|Mixed Platforms.ActiveCfg = Release|Any CPU
		{198B3D52-E173-426E-A983-0C29B7954044}.Release|Mixed Platforms.Build.0 = Release|Any CPU
		{198B3D52-E173-426E-A983-0C29B7954044}.Release|x86.ActiveCfg = Release|Any CPU
		{198B3D52-E173-426E-A983-0C29B7954044}.Release|x86.Build.0 = Release|Any CPU
	EndGlobalSection
	GlobalSection(SolutionProperties) = preSolution
		HideSolutionNode = FALSE
	EndGlobalSection
	GlobalSection(ExtensibilityGlobals) = postSolution
		SolutionGuid = {642C4376-77F4-4B84-B958-A661CAC6DFB7}
	EndGlobalSection
EndGlobal
